
Microsoft Visual Studio Solution File, Format Version 12.00
# Visual Studio Version 17
VisualStudioVersion = 17.1.32319.34
MinimumVisualStudioVersion = 10.0.40219.1
Project("{9A19103F-16F7-4668-BE54-9A1E7A4F7556}") = "NoIdentity", "NoIdentity\NoIdentity.csproj", "{D8E3E782-1BB0-4EEA-BD21-E059FDCC4322}"
EndProject
Project("{9A19103F-16F7-4668-BE54-9A1E7A4F7556}") = "IPRehab", "IPRehab\IPRehab.csproj", "{66BF17D1-C32F-4D76-9FDB-7CF53D79F502}"
EndProject
Project("{9A19103F-16F7-4668-BE54-9A1E7A4F7556}") = "IPRehabModel", "IPRehabModel\IPRehabModel.csproj", "{BE6F97F0-472E-4910-946B-A794E5BC0C90}"
EndProject
Project("{9A19103F-16F7-4668-BE54-9A1E7A4F7556}") = "IPRehabRepository", "IPRehabRepository\IPRehabRepository.csproj", "{4E7D5907-A678-4C76-A4B5-4B1DFC1A41EE}"
EndProject
Project("{9A19103F-16F7-4668-BE54-9A1E7A4F7556}") = "Mailer", "..\..\CommonLibrary\Mailer\Mailer.csproj", "{FB0A7537-803E-406F-B8F0-0925C2A1795D}"
EndProject
Project("{9A19103F-16F7-4668-BE54-9A1E7A4F7556}") = "EntityLoader", "..\..\CommonLibrary\EntityLoader\EntityLoader.csproj", "{AF02CDEC-F371-4497-B7AB-EAAC7F9F59B9}"
EndProject
Project("{2150E333-8FDC-42A3-9474-1A3956D46DE8}") = "Common Libraries", "Common Libraries", "{91EFC48C-B64D-4F2D-BCBC-FDFD448C4D9C}"
EndProject
Project("{2150E333-8FDC-42A3-9474-1A3956D46DE8}") = "Data", "Data", "{C986486A-E37D-4639-8DEF-FDAC478BAFF3}"
EndProject
Project("{2150E333-8FDC-42A3-9474-1A3956D46DE8}") = "Apps", "Apps", "{9A0D9918-F761-4F50-A824-C825B46AB4AA}"
EndProject
Project("{9A19103F-16F7-4668-BE54-9A1E7A4F7556}") = "IPRehabWebAPI2", "IPRehabWebAPI2\IPRehabWebAPI2.csproj", "{1F4B9E60-D310-44DD-9C53-E3D523582AA5}"
EndProject
Project("{9A19103F-16F7-4668-BE54-9A1E7A4F7556}") = "PatientModel_HealthFactor", "PatientModel\PatientModel_HealthFactor.csproj", "{B47F5B1E-8CD6-4A33-A180-35EB4030DF48}"
EndProject
Project("{9A19103F-16F7-4668-BE54-9A1E7A4F7556}") = "UserModel", "UserModel\UserModel.csproj", "{47638C78-EF33-4E85-B462-E756C2E96C21}"
EndProject
Project("{9A19103F-16F7-4668-BE54-9A1E7A4F7556}") = "PatientModel_TreatingSpecialty", "PatientModel_TreatingSpecialty\PatientModel_TreatingSpecialty.csproj", "{642770B9-FF27-492B-9AA3-435BEE4D7E6E}"
EndProject
Global
	GlobalSection(SolutionConfigurationPlatforms) = preSolution
		Debug|Any CPU = Debug|Any CPU
		Release|Any CPU = Release|Any CPU
	EndGlobalSection
	GlobalSection(ProjectConfigurationPlatforms) = postSolution
		{D8E3E782-1BB0-4EEA-BD21-E059FDCC4322}.Debug|Any CPU.ActiveCfg = Debug|Any CPU
		{D8E3E782-1BB0-4EEA-BD21-E059FDCC4322}.Debug|Any CPU.Build.0 = Debug|Any CPU
		{D8E3E782-1BB0-4EEA-BD21-E059FDCC4322}.Release|Any CPU.ActiveCfg = Release|Any CPU
		{D8E3E782-1BB0-4EEA-BD21-E059FDCC4322}.Release|Any CPU.Build.0 = Release|Any CPU
		{66BF17D1-C32F-4D76-9FDB-7CF53D79F502}.Debug|Any CPU.ActiveCfg = Debug|Any CPU
		{66BF17D1-C32F-4D76-9FDB-7CF53D79F502}.Debug|Any CPU.Build.0 = Debug|Any CPU
		{66BF17D1-C32F-4D76-9FDB-7CF53D79F502}.Release|Any CPU.ActiveCfg = Release|Any CPU
		{66BF17D1-C32F-4D76-9FDB-7CF53D79F502}.Release|Any CPU.Build.0 = Release|Any CPU
		{BE6F97F0-472E-4910-946B-A794E5BC0C90}.Debug|Any CPU.ActiveCfg = Debug|Any CPU
		{BE6F97F0-472E-4910-946B-A794E5BC0C90}.Debug|Any CPU.Build.0 = Debug|Any CPU
		{BE6F97F0-472E-4910-946B-A794E5BC0C90}.Release|Any CPU.ActiveCfg = Release|Any CPU
		{BE6F97F0-472E-4910-946B-A794E5BC0C90}.Release|Any CPU.Build.0 = Release|Any CPU
		{4E7D5907-A678-4C76-A4B5-4B1DFC1A41EE}.Debug|Any CPU.ActiveCfg = Debug|Any CPU
		{4E7D5907-A678-4C76-A4B5-4B1DFC1A41EE}.Debug|Any CPU.Build.0 = Debug|Any CPU
		{4E7D5907-A678-4C76-A4B5-4B1DFC1A41EE}.Release|Any CPU.ActiveCfg = Release|Any CPU
		{4E7D5907-A678-4C76-A4B5-4B1DFC1A41EE}.Release|Any CPU.Build.0 = Release|Any CPU
		{FB0A7537-803E-406F-B8F0-0925C2A1795D}.Debug|Any CPU.ActiveCfg = Debug|Any CPU
		{FB0A7537-803E-406F-B8F0-0925C2A1795D}.Debug|Any CPU.Build.0 = Debug|Any CPU
		{FB0A7537-803E-406F-B8F0-0925C2A1795D}.Release|Any CPU.ActiveCfg = Release|Any CPU
		{FB0A7537-803E-406F-B8F0-0925C2A1795D}.Release|Any CPU.Build.0 = Release|Any CPU
		{AF02CDEC-F371-4497-B7AB-EAAC7F9F59B9}.Debug|Any CPU.ActiveCfg = Debug|Any CPU
		{AF02CDEC-F371-4497-B7AB-EAAC7F9F59B9}.Debug|Any CPU.Build.0 = Debug|Any CPU
		{AF02CDEC-F371-4497-B7AB-EAAC7F9F59B9}.Release|Any CPU.ActiveCfg = Release|Any CPU
		{AF02CDEC-F371-4497-B7AB-EAAC7F9F59B9}.Release|Any CPU.Build.0 = Release|Any CPU
		{1F4B9E60-D310-44DD-9C53-E3D523582AA5}.Debug|Any CPU.ActiveCfg = Debug|Any CPU
		{1F4B9E60-D310-44DD-9C53-E3D523582AA5}.Debug|Any CPU.Build.0 = Debug|Any CPU
		{1F4B9E60-D310-44DD-9C53-E3D523582AA5}.Release|Any CPU.ActiveCfg = Release|Any CPU
		{1F4B9E60-D310-44DD-9C53-E3D523582AA5}.Release|Any CPU.Build.0 = Release|Any CPU
		{B47F5B1E-8CD6-4A33-A180-35EB4030DF48}.Debug|Any CPU.ActiveCfg = Debug|Any CPU
		{B47F5B1E-8CD6-4A33-A180-35EB4030DF48}.Debug|Any CPU.Build.0 = Debug|Any CPU
		{B47F5B1E-8CD6-4A33-A180-35EB4030DF48}.Release|Any CPU.ActiveCfg = Release|Any CPU
		{B47F5B1E-8CD6-4A33-A180-35EB4030DF48}.Release|Any CPU.Build.0 = Release|Any CPU
		{47638C78-EF33-4E85-B462-E756C2E96C21}.Debug|Any CPU.ActiveCfg = Debug|Any CPU
		{47638C78-EF33-4E85-B462-E756C2E96C21}.Debug|Any CPU.Build.0 = Debug|Any CPU
		{47638C78-EF33-4E85-B462-E756C2E96C21}.Release|Any CPU.ActiveCfg = Release|Any CPU
		{47638C78-EF33-4E85-B462-E756C2E96C21}.Release|Any CPU.Build.0 = Release|Any CPU
		{642770B9-FF27-492B-9AA3-435BEE4D7E6E}.Debug|Any CPU.ActiveCfg = Debug|Any CPU
		{642770B9-FF27-492B-9AA3-435BEE4D7E6E}.Debug|Any CPU.Build.0 = Debug|Any CPU
		{642770B9-FF27-492B-9AA3-435BEE4D7E6E}.Release|Any CPU.ActiveCfg = Release|Any CPU
		{642770B9-FF27-492B-9AA3-435BEE4D7E6E}.Release|Any CPU.Build.0 = Release|Any CPU
	EndGlobalSection
	GlobalSection(SolutionProperties) = preSolution
		HideSolutionNode = FALSE
	EndGlobalSection
	GlobalSection(NestedProjects) = preSolution
		{D8E3E782-1BB0-4EEA-BD21-E059FDCC4322} = {9A0D9918-F761-4F50-A824-C825B46AB4AA}
		{66BF17D1-C32F-4D76-9FDB-7CF53D79F502} = {9A0D9918-F761-4F50-A824-C825B46AB4AA}
		{BE6F97F0-472E-4910-946B-A794E5BC0C90} = {C986486A-E37D-4639-8DEF-FDAC478BAFF3}
		{4E7D5907-A678-4C76-A4B5-4B1DFC1A41EE} = {C986486A-E37D-4639-8DEF-FDAC478BAFF3}
		{FB0A7537-803E-406F-B8F0-0925C2A1795D} = {91EFC48C-B64D-4F2D-BCBC-FDFD448C4D9C}
		{AF02CDEC-F371-4497-B7AB-EAAC7F9F59B9} = {91EFC48C-B64D-4F2D-BCBC-FDFD448C4D9C}
		{1F4B9E60-D310-44DD-9C53-E3D523582AA5} = {9A0D9918-F761-4F50-A824-C825B46AB4AA}
		{B47F5B1E-8CD6-4A33-A180-35EB4030DF48} = {C986486A-E37D-4639-8DEF-FDAC478BAFF3}
		{47638C78-EF33-4E85-B462-E756C2E96C21} = {C986486A-E37D-4639-8DEF-FDAC478BAFF3}
		{642770B9-FF27-492B-9AA3-435BEE4D7E6E} = {C986486A-E37D-4639-8DEF-FDAC478BAFF3}
	EndGlobalSection
	GlobalSection(ExtensibilityGlobals) = postSolution
		SolutionGuid = {BB713F9B-EC7A-49CF-8320-8EB2DF03F5AD}
	EndGlobalSection
EndGlobal
